{"SurveyEntry":{"SurveyID":"SV_cRXhQAh6vm2Fif3","SurveyName":"How do you experience apps?","SurveyDescription":null,"SurveyOwnerID":"UR_cOPUkeIW5zmAIYJ","SurveyBrandID":"psychru","DivisionID":null,"SurveyLanguage":"EN","SurveyActiveResponseSet":"RS_5vwHSGFmVRNfOIt","SurveyStatus":"Inactive","SurveyStartDate":"0000-00-00 00:00:00","SurveyExpirationDate":"0000-00-00 00:00:00","SurveyCreationDate":"2019-02-19 07:35:19","CreatorID":"UR_cOPUkeIW5zmAIYJ","LastModified":"2019-03-01 06:26:13","LastAccessed":"0000-00-00 00:00:00","LastActivated":"2019-02-20 04:27:29","Deleted":null},"SurveyElements":[{"SurveyID":"SV_cRXhQAh6vm2Fif3","Element":"BL","PrimaryAttribute":"Survey Blocks","SecondaryAttribute":null,"TertiaryAttribute":null,"Payload":{"0":{"Type":"Default","Description":"Consent and Intro","ID":"BL_bpxeHoSjwLksbrf","BlockElements":[{"Type":"Question","QuestionID":"QID1"},{"Type":"Page Break"},{"Type":"Question","QuestionID":"QID2"}]},"1":{"Type":"Trash","Description":"Trash \/ Unused Questions","ID":"BL_2bm2lmY7ixHyEDP","BlockElements":[{"Type":"Question","QuestionID":"QID12"},{"Type":"Question","QuestionID":"QID9"},{"Type":"Question","QuestionID":"QID8"},{"Type":"Question","QuestionID":"QID11"}]},"2":{"Type":"Standard","SubType":"","Description":"Rating Task","ID":"BL_0MJgNGN5tw4QiO1","Options":{"BlockLocking":"false","RandomizeQuestions":"false","Looping":"Static","LoopingOptions":{"Static":{"1":{"1":"https:\/\/psychru.eu.qualtrics.com\/ControlPanel\/Graphic.php?IM=IM_3KjgGKsfuIhcSQB"},"2":{"1":"https:\/\/psychru.eu.qualtrics.com\/ControlPanel\/Graphic.php?IM=IM_2u7X4fc8livLlB3"},"3":{"1":"https:\/\/psychru.eu.qualtrics.com\/ControlPanel\/Graphic.php?IM=IM_8wUGtQVxa45GWi1"},"4":{"1":"https:\/\/psychru.eu.qualtrics.com\/ControlPanel\/Graphic.php?IM=IM_5msJ2JMwqz7WdIF"},"5":{"1":"https:\/\/psychru.eu.qualtrics.com\/ControlPanel\/Graphic.php?IM=IM_71Wep6igtwY4Dyd"},"6":{"1":"https:\/\/psychru.eu.qualtrics.com\/ControlPanel\/Graphic.php?IM=IM_20qcyKGInEILsdD"},"7":{"1":"https:\/\/psychru.eu.qualtrics.com\/ControlPanel\/Graphic.php?IM=IM_8iR6QnpnGv4APMp"},"8":{"1":"https:\/\/psychru.eu.qualtrics.com\/ControlPanel\/Graphic.php?IM=IM_cMXGxuzwmvJ0RuZ"},"9":{"1":"https:\/\/psychru.eu.qualtrics.com\/ControlPanel\/Graphic.php?IM=IM_3UhdwaRonZxGAhT"},"10":{"1":"https:\/\/psychru.eu.qualtrics.com\/ControlPanel\/Graphic.php?IM=IM_eyvjUY0RW63736d"},"11":{"1":"https:\/\/psychru.eu.qualtrics.com\/ControlPanel\/Graphic.php?IM=IM_3VH8rwe9airzzEN"},"12":{"1":"https:\/\/psychru.eu.qualtrics.com\/ControlPanel\/Graphic.php?IM=IM_29QuRHEpPjWJxWt"},"13":{"1":"https:\/\/psychru.eu.qualtrics.com\/ControlPanel\/Graphic.php?IM=IM_a41FnkSj2Pfur2Z"},"14":{"1":"https:\/\/psychru.eu.qualtrics.com\/ControlPanel\/Graphic.php?IM=IM_a9NbUsfedTSJhWt"},"15":{"1":"https:\/\/psychru.eu.qualtrics.com\/ControlPanel\/Graphic.php?IM=IM_0qAsSeO71fFBF7D"}},"Randomization":"All"}},"BlockElements":[{"Type":"Question","QuestionID":"QID16"},{"Type":"Question","QuestionID":"QID10"}]},"5":{"Type":"Standard","SubType":"","Description":"Screening","ID":"BL_72MY65xoQifgW6V","BlockElements":[{"Type":"Question","QuestionID":"QID3"},{"Type":"Question","QuestionID":"QID4"}]},"7":{"Type":"Standard","SubType":"","Description":"Demographics and Prolific ID","ID":"BL_em6dlXSIRPNCN9j","BlockElements":[{"Type":"Question","QuestionID":"QID13"},{"Type":"Question","QuestionID":"QID5"},{"Type":"Question","QuestionID":"QID6"}]},"8":{"Type":"Standard","SubType":"","Description":"Instructions","ID":"BL_5grd2JSwHKexzTf","BlockElements":[{"Type":"Question","QuestionID":"QID14"},{"Type":"Question","QuestionID":"QID7"},{"Type":"Question","QuestionID":"QID15"}]}}},{"SurveyID":"SV_cRXhQAh6vm2Fif3","Element":"FL","PrimaryAttribute":"Survey Flow","SecondaryAttribute":null,"TertiaryAttribute":null,"Payload":{"Type":"Root","FlowID":"FL_1","Flow":[{"Type":"EmbeddedData","FlowID":"FL_13","EmbeddedData":[{"Description":"PROLIFIC_PID","Type":"Recipient","Field":"PROLIFIC_PID","VariableType":"String","DataVisibility":[],"AnalyzeText":false}]},{"Type":"Block","ID":"BL_bpxeHoSjwLksbrf","FlowID":"FL_2"},{"Type":"Branch","FlowID":"FL_10","Description":"New Branch","BranchLogic":{"0":{"0":{"LogicType":"Question","QuestionID":"QID2","QuestionIsInLoop":"no","ChoiceLocator":"q:\/\/QID2\/SelectableChoice\/1","Operator":"NotSelected","QuestionIDFromLocator":"QID2","LeftOperand":"q:\/\/QID2\/SelectableChoice\/1","Type":"Expression","Description":"<span class=\"ConjDesc\">If<\/span> <span class=\"QuestionDesc\">I hereby declare that I have been informed in a clear manner about the nature and method of the r...<\/span> <span class=\"LeftOpDesc\">I consent to participate.<\/span> <span class=\"OpDesc\">Is Not Selected<\/span> "},"Type":"If"},"Type":"BooleanExpression"},"Flow":[{"Type":"EndSurvey","FlowID":"FL_12","EndingType":"Advanced","Options":{"Advanced":"true","SurveyTermination":"DisplayMessage","EOSMessageLibrary":"UR_cOPUkeIW5zmAIYJ","EOSMessage":"MS_0Dvz8zicZyYPjpP"}}]},{"Type":"Standard","ID":"BL_72MY65xoQifgW6V","FlowID":"FL_8"},{"Type":"Branch","FlowID":"FL_14","Description":"New Branch","BranchLogic":{"0":{"0":{"LogicType":"Question","QuestionID":"QID3","QuestionIsInLoop":"no","ChoiceLocator":"q:\/\/QID3\/SelectableChoice\/2","Operator":"Selected","QuestionIDFromLocator":"QID3","LeftOperand":"q:\/\/QID3\/SelectableChoice\/2","Type":"Expression","Description":"<span class=\"ConjDesc\">If<\/span> <span class=\"QuestionDesc\">This study is only for iPhone users. Are you currently using an iPhone - and have you owned an iP...<\/span> <span class=\"LeftOpDesc\">No<\/span> <span class=\"OpDesc\">Is Selected<\/span> "},"1":{"LogicType":"Question","QuestionID":"QID4","QuestionIsInLoop":"no","ChoiceLocator":"q:\/\/QID4\/SelectedAnswerCount\/2","Operator":"LessThan","QuestionIDFromLocator":"QID4","LeftOperand":"q:\/\/QID4\/SelectedAnswerCount\/2","RightOperand":"5","Type":"Expression","Description":"<span class=\"ConjDesc\">Or<\/span> <span class=\"QuestionDesc\">Have you used the following apps for at least two years?<\/span> <span class=\"LeftOpDesc\"> - &lt;span style=\"font-size:19px;\"&gt;Yes&lt;\/span&gt;<\/span> <span class=\"OpDesc\">Is Less Than<\/span> <span class=\"RightOpDesc\"> 5 <\/span>","Conjuction":"Or"},"Type":"If"},"Type":"BooleanExpression"},"Flow":[{"Type":"EndSurvey","FlowID":"FL_15","EndingType":"Advanced","Options":{"Advanced":"true","SurveyTermination":"DisplayMessage","EOSMessageLibrary":"UR_cOPUkeIW5zmAIYJ","EOSMessage":"MS_6lZhK3CAP2hw7cN"}}]},{"Type":"Standard","ID":"BL_em6dlXSIRPNCN9j","FlowID":"FL_17"},{"Type":"Standard","ID":"BL_5grd2JSwHKexzTf","FlowID":"FL_18"},{"Type":"Standard","ID":"BL_0MJgNGN5tw4QiO1","FlowID":"FL_3"}],"Properties":{"Count":18,"RemovedFieldsets":[]}}},{"SurveyID":"SV_cRXhQAh6vm2Fif3","Element":"SO","PrimaryAttribute":"Survey Options","SecondaryAttribute":null,"TertiaryAttribute":null,"Payload":{"BackButton":"false","SaveAndContinue":"true","SurveyProtection":"PublicSurvey","BallotBoxStuffingPrevention":"false","NoIndex":"Yes","SecureResponseFiles":"true","SurveyExpiration":null,"SurveyTermination":"Redirect","Header":"","Footer":"","ProgressBarDisplay":"NoText","PartialData":"+1 week","ValidationMessage":null,"PreviousButton":" \u2190 ","NextButton":" \u2192 ","SkinLibrary":"psychru","SkinType":"templated","Skin":{"brandingId":"7297254315","templateId":"*base","overrides":{"contrast":0.299999999999999988897769753748434595763683319091796875,"questionText":{"size":"20px"},"answerText":{"size":"15px"}}},"NewScoring":1,"SurveyName":"How do you experience apps?","CustomStyles":{"customCSS":""},"Autofocus":false,"Autoadvance":false,"AutoadvancePages":false,"QuestionsPerPage":"","PageTransition":"fade","EOSMessage":"","ShowExportTags":"false","CollectGeoLocation":"false","SurveyTitle":"Online Survey Software | Qualtrics Survey Solutions","SurveyMetaDescription":"Qualtrics sophisticated online survey software solutions make creating online surveys easy. Learn more about Research Suite and get a free account today.","PasswordProtection":"No","AnonymizeResponse":"No","Password":"","RefererCheck":"No","RefererURL":"http:\/\/","ResponseSummary":"No","EOSMessageLibrary":"","EOSRedirectURL":"https:\/\/app.prolific.ac\/submissions\/complete?cc=X6E7GZZI","EmailThankYou":"false","ThankYouEmailMessageLibrary":null,"ThankYouEmailMessage":null,"ValidateMessage":"false","ValidationMessageLibrary":null,"InactiveSurvey":"DefaultMessage","PartialDataCloseAfter":"LastActivity","ActiveResponseSet":null,"InactiveMessageLibrary":"","InactiveMessage":"","AvailableLanguages":{"EN":[]}}},{"SurveyID":"SV_cRXhQAh6vm2Fif3","Element":"SCO","PrimaryAttribute":"Scoring","SecondaryAttribute":null,"TertiaryAttribute":null,"Payload":{"ScoringCategories":[],"ScoringCategoryGroups":[],"ScoringSummaryCategory":null,"ScoringSummaryAfterQuestions":0,"ScoringSummaryAfterSurvey":0,"DefaultScoringCategory":null,"AutoScoringCategory":null}},{"SurveyID":"SV_cRXhQAh6vm2Fif3","Element":"PROJ","PrimaryAttribute":"CORE","SecondaryAttribute":null,"TertiaryAttribute":"1.1.0","Payload":{"ProjectCategory":"CORE","SchemaVersion":"1.1.0"}},{"SurveyID":"SV_cRXhQAh6vm2Fif3","Element":"STAT","PrimaryAttribute":"Survey Statistics","SecondaryAttribute":null,"TertiaryAttribute":null,"Payload":{"MobileCompatible":true,"ID":"Survey Statistics"}},{"SurveyID":"SV_cRXhQAh6vm2Fif3","Element":"QC","PrimaryAttribute":"Survey Question Count","SecondaryAttribute":"16","TertiaryAttribute":null,"Payload":null},{"SurveyID":"SV_cRXhQAh6vm2Fif3","Element":"SQ","PrimaryAttribute":"QID12","SecondaryAttribute":"As you do not wish to participate in this study, please return your submission on Prolific by sel...","TertiaryAttribute":null,"Payload":{"QuestionText":"As you do not wish to participate in this study, please return your submission on Prolific by selecting the ' Stop without completing'&nbsp; button.","DefaultChoices":false,"DataExportTag":"Q12","QuestionType":"DB","Selector":"TB","Configuration":{"QuestionDescriptionOption":"UseText"},"QuestionDescription":"As you do not wish to participate in this study, please return your submission on Prolific by sel...","ChoiceOrder":[],"Validation":{"Settings":{"Type":"None"}},"GradingData":[],"Language":[],"NextChoiceId":4,"NextAnswerId":1,"QuestionID":"QID12","DataVisibility":{"Private":false,"Hidden":false}}},{"SurveyID":"SV_cRXhQAh6vm2Fif3","Element":"SQ","PrimaryAttribute":"QID11","SecondaryAttribute":"\u201cAs you do not wish to participate in this study, please return your submission on Prolific by se.","TertiaryAttribute":null,"Payload":{"QuestionText":"<strong><em>&ldquo;As you do not wish to participate in this study, please return your submission on Prolific by selecting the &#39;Stop without completing&#39; button.&rdquo;<\/em><\/strong>","DefaultChoices":false,"DataExportTag":"Q11","QuestionType":"DB","Selector":"TB","Configuration":{"QuestionDescriptionOption":"UseText"},"QuestionDescription":"\u201cAs you do not wish to participate in this study, please return your submission on Prolific by se...","ChoiceOrder":[],"Validation":{"Settings":{"Type":"None"}},"GradingData":[],"Language":[],"NextChoiceId":4,"NextAnswerId":1,"QuestionID":"QID11"}},{"SurveyID":"SV_cRXhQAh6vm2Fif3","Element":"SQ","PrimaryAttribute":"QID15","SecondaryAttribute":"Based on the instructions above, which answer have you been asked to select if you want to proceed?","TertiaryAttribute":null,"Payload":{"QuestionText":"Based on the instructions above, which answer have you been asked to select if you want to proceed?","DataExportTag":"Q15","QuestionType":"MC","Selector":"SAVR","SubSelector":"TX","Configuration":{"QuestionDescriptionOption":"UseText"},"QuestionDescription":"Based on the instructions above, which answer have you been asked to select if you want to proceed?","Choices":{"1":{"Display":"Yes"},"2":{"Display":"No"}},"ChoiceOrder":["1","2"],"Validation":{"Settings":{"ForceResponse":"OFF","ForceResponseType":"ON","Type":"None"}},"Language":[],"NextChoiceId":4,"NextAnswerId":1,"QuestionID":"QID15","DataVisibility":{"Private":false,"Hidden":false}}},{"SurveyID":"SV_cRXhQAh6vm2Fif3","Element":"SQ","PrimaryAttribute":"QID9","SecondaryAttribute":"Click to write the question text","TertiaryAttribute":null,"Payload":{"QuestionText":"Click to write the question text","DefaultChoices":false,"DataExportTag":"Q9","QuestionID":"QID9","QuestionType":"Slider","Selector":"HSLIDER","Configuration":{"QuestionDescriptionOption":"UseText","CSSliderMin":0,"CSSliderMax":100,"GridLines":10,"SnapToGrid":false,"NumDecimals":"0","ShowValue":true,"CustomStart":false,"NotApplicable":false,"MobileFirst":true},"QuestionDescription":"Click to write the question text","Choices":{"1":{"Display":"Click to write Choice 1"},"2":{"Display":"Click to write Choice 2"},"3":{"Display":"Click to write Choice 3"}},"ChoiceOrder":["1","2","3"],"Validation":{"Settings":{"ForceResponse":"OFF","ForceResponseType":"ON","Type":"None"}},"GradingData":[],"Language":[],"NextChoiceId":4,"NextAnswerId":1,"Labels":[]}},{"SurveyID":"SV_cRXhQAh6vm2Fif3","Element":"SQ","PrimaryAttribute":"QID1","SecondaryAttribute":"Dear participant, You are invited to participate in a research project that is being carried out...","TertiaryAttribute":null,"Payload":{"QuestionText":"Dear participant,<br>\n<br>\nYou are invited to participate in a research project that is being carried out under the auspices of the Behavioural Science Institute.<br>\n<br>\nYou can <strong>only participate in this study if you have an iPhone and have used the following apps for at least two years: WhatsApp, Facebook, Facebook Messenger, Instagram, Snapchat<\/strong>.<br>\n<br>\nThe title of the research project is <strong>\u201cHow do you experience apps?\u201d<\/strong>. The objective of the research is to find out <strong>how people experience different apps<\/strong>.<br>\n<br>\nIn the course of this study, you will be asked to rate different apps on how rewarding you find them.<br>\n<br>\nWe can guarantee that:\n<ul>\n\t<li>Your anonymity will be safeguarded, and that your answers or data will only be shared in anonymous form.<\/li>\n\t<li>You can refuse to participate in the research or cut short your participation without having to give a reason for doing so.<\/li>\n\t<li>Participating in the research will not entail you being subjected to any appreciable risk or discomfort, and you will not be exposed to any explicitly offensive material, nor will we deceive you in any form.<\/li>\n<\/ul>\nFor more information, you are welcome to contact the project leader at any time: Niklas Johannes, +3124-3612322; n.johannes@maw.ru.nl.<br>\n<br>\nShould you have any complaints or comments about the course of the research you can contact Harm Veling, +3124-3612697. Any complaints or comments will be treated in the strictest confidence.<br>\n<br>\nWe hope that we have provided you with sufficient information. We would like to take this opportunity to thank you in advance for your assistance with this research.<br>\n&nbsp;<br>\nWith kind regards.<br>\nThe Researchers","DefaultChoices":false,"DataExportTag":"Q1","QuestionID":"QID1","QuestionType":"DB","Selector":"TB","DataVisibility":{"Private":false,"Hidden":false},"Configuration":{"QuestionDescriptionOption":"UseText"},"QuestionDescription":"Dear participant, You are invited to participate in a research project that is being carried out...","ChoiceOrder":[],"Validation":{"Settings":{"Type":"None"}},"GradingData":[],"Language":[],"NextChoiceId":4,"NextAnswerId":1}},{"SurveyID":"SV_cRXhQAh6vm2Fif3","Element":"RS","PrimaryAttribute":"RS_5vwHSGFmVRNfOIt","SecondaryAttribute":"Default Response Set","TertiaryAttribute":null,"Payload":null},{"SurveyID":"SV_cRXhQAh6vm2Fif3","Element":"SQ","PrimaryAttribute":"QID4","SecondaryAttribute":"Have you used the following apps for at least two years?","TertiaryAttribute":null,"Payload":{"QuestionText":"Have you used the following apps for at least two years?","DefaultChoices":false,"DataExportTag":"Q4","QuestionType":"Matrix","Selector":"Likert","SubSelector":"SingleAnswer","Configuration":{"QuestionDescriptionOption":"UseText","TextPosition":"inline","ChoiceColumnWidth":25,"RepeatHeaders":"none","WhiteSpace":"OFF","MobileFirst":true,"ChoiceColumnWidthPixels":214},"QuestionDescription":"Have you used the following apps for at least two years?","Choices":{"1":{"Display":"<span style=\"font-size:19px;\">WhatsApp<\/span>"},"2":{"Display":"<span style=\"font-size:19px;\">Facebook<\/span>"},"3":{"Display":"<span style=\"font-size:19px;\">Facebook Messenger<\/span>"},"4":{"Display":"<span style=\"font-size:19px;\">Instagram<\/span>"},"5":{"Display":"<span style=\"font-size:19px;\">Snapchat<\/span>"}},"ChoiceOrder":[1,2,3,4,5],"Validation":{"Settings":{"ForceResponse":"ON","ForceResponseType":"ON","Type":"None"}},"GradingData":[],"Language":[],"NextChoiceId":6,"NextAnswerId":3,"Answers":{"1":{"Display":"<span style=\"font-size:19px;\">No<\/span>"},"2":{"Display":"<span style=\"font-size:19px;\">Yes<\/span>"}},"AnswerOrder":[1,2],"ChoiceDataExportTags":false,"QuestionID":"QID4","DataVisibility":{"Private":false,"Hidden":false}}},{"SurveyID":"SV_cRXhQAh6vm2Fif3","Element":"SQ","PrimaryAttribute":"QID8","SecondaryAttribute":"How rewarding do you find this app?","TertiaryAttribute":null,"Payload":{"QuestionText":"<p style=\"text-align: center;\">How rewarding do you find this app?<\/p>\n<center><img src=\"${lm:\/\/Field\/1}\" \/><\/center>\n<style type=\"text\/css\">.Skin .q-slider ul.numbers {display:none}\n<\/style>","DefaultChoices":false,"DataExportTag":"Q8","QuestionType":"Slider","Selector":"HSLIDER","Configuration":{"QuestionDescriptionOption":"UseText","CSSliderMin":-100,"CSSliderMax":100,"GridLines":10,"SnapToGrid":false,"NumDecimals":"0","ShowValue":false,"CustomStart":true,"SliderStartPositions":{"1":0.5},"NotApplicable":false,"MobileFirst":true,"CenterLabels":true},"QuestionDescription":"How rewarding do you find this app?","Choices":{"1":{"Display":"."}},"ChoiceOrder":[1],"Validation":{"Settings":{"ForceResponse":"OFF","ForceResponseType":"ON","Type":"None"}},"GradingData":[],"Language":[],"NextChoiceId":2,"NextAnswerId":3,"Labels":{"1":{"Display":"<strong><span style=\"font-size:19px;\">Not at all<\/span><\/strong>"},"2":{"Display":"<strong><span style=\"font-size:19px;\">Very much<\/span><\/strong>"}},"QuestionID":"QID8","DataVisibility":{"Private":false,"Hidden":false}}},{"SurveyID":"SV_cRXhQAh6vm2Fif3","Element":"SQ","PrimaryAttribute":"QID10","SecondaryAttribute":"How rewarding do you find this app?","TertiaryAttribute":null,"Payload":{"QuestionText":"<p style=\"text-align: center;\">How rewarding do you find this app?<\/p>\n\n<center><img src=\"${lm:\/\/Field\/1}\" \/><\/center>\n<style type=\"text\/css\">.Skin .q-slider ul.numbers {display:none}\n<\/style>","QuestionJS":"Qualtrics.SurveyEngine.addOnload(function()\n{\n\t\/*Place your JavaScript here to run when the page loads*\/\n\n});\n\nQualtrics.SurveyEngine.addOnReady(function()\n{\n\t\/*Place your JavaScript here to run when the page is fully displayed*\/\n\n});\n\nQualtrics.SurveyEngine.addOnUnload(function()\n{\n\t\/*Place your JavaScript here to run when the page is unloaded*\/\n\n});","DefaultChoices":false,"DataExportTag":"Q10","QuestionType":"Slider","Selector":"HSLIDER","DataVisibility":{"Private":false,"Hidden":false},"Configuration":{"QuestionDescriptionOption":"UseText","CSSliderMin":-100,"CSSliderMax":100,"GridLines":10,"SnapToGrid":false,"NumDecimals":"0","ShowValue":false,"CustomStart":true,"SliderStartPositions":{"1":0.5},"NotApplicable":false,"CenterLabels":true,"MobileFirst":true},"QuestionDescription":"How rewarding do you find this app?","Choices":{"1":{"Display":"."}},"ChoiceOrder":[1],"Validation":{"Settings":{"ForceResponse":"ON","ForceResponseType":"ON","Type":"None"}},"GradingData":[],"Language":[],"NextChoiceId":2,"NextAnswerId":3,"Labels":{"1":{"Display":"<strong><span style=\"font-size:19px;\">Not at all<\/span><\/strong>"},"2":{"Display":"<strong><span style=\"font-size:19px;\">Very much<\/span><\/strong>"}},"QuestionID":"QID10"}},{"SurveyID":"SV_cRXhQAh6vm2Fif3","Element":"SQ","PrimaryAttribute":"QID2","SecondaryAttribute":"I hereby declare that I have been informed in a clear manner about the nature and method of the r...","TertiaryAttribute":null,"Payload":{"QuestionText":"I hereby declare that I have been informed in a clear manner about the nature and method of the research. My questions have been answered satisfactorily.<br>\n<br>\nI agree, fully and voluntarily, to participate in this research study. With this, I retain the right to withdraw my consent, without having to give a reason for doing so. I am aware that I may halt my participation in the survey at any time.<br>\n<br>\nIf my research results are used in scientific publications or are made public in another way, this will be done such a way that my anonymity is completely safeguarded. My personal data will not be passed on to third parties without my express permission.","DataExportTag":"Q2","QuestionType":"MC","Selector":"SAVR","SubSelector":"TX","Configuration":{"QuestionDescriptionOption":"UseText"},"QuestionDescription":"I hereby declare that I have been informed in a clear manner about the nature and method of the r...","Choices":{"1":{"Display":"I consent to participate."},"2":{"Display":"I do NOT consent."}},"ChoiceOrder":[1,2],"Validation":{"Settings":{"ForceResponse":"ON","ForceResponseType":"ON","Type":"None"}},"Language":[],"NextChoiceId":3,"NextAnswerId":1,"QuestionID":"QID2","DataVisibility":{"Private":false,"Hidden":false}}},{"SurveyID":"SV_cRXhQAh6vm2Fif3","Element":"SQ","PrimaryAttribute":"QID7","SecondaryAttribute":"Now you will do the task. It is crucial that you read the following instructions carefully. For o...","TertiaryAttribute":null,"Payload":{"QuestionText":"Now you will do the task. <strong>It is crucial that you read the following instructions carefully<\/strong>.<br \/>\n<br \/>\nFor our research, we are interested in how people experience different apps. In particular, we want to know <strong>how rewarding people find apps<\/strong>. By rewarding, we mean that\n\n<ul>\n\t<li>seeing or using an app makes you feel happy<\/li>\n\t<li>seeing the app or app notifications makes you feel a strong need to open it<\/li>\n\t<li>you like using this app<\/li>\n\t<li>using the app is fun<\/li>\n\t<li>not being able to use the app would make you feel bad<\/li>\n\t<li>the app is important to you<\/li>\n\t<li>the app has functionality that you appreciate<\/li>\n<\/ul>\nOn the following page we will present you with different apps. For each app, <strong>please indicate how rewarding you find it by moving the slider below the app<\/strong>.<br \/>\n<br \/>\nPlease go with your gut: You don&#39;t need to ponder over each app, but rather go with your instinct about how rewarding you find the app. Some of the apps have a notification sign, some of them don&#39;t. If the app has a notification sign treat it as if you were seeing it like that on your phone. In other words, treat it as if you just received a notification for that specific app. As we mentioned, it is really important to us that you read these instructions carefully and understand the task. To make sure you were paying attention, please select &quot;No&quot; on the question below whether you want to proceed.","DefaultChoices":false,"DataExportTag":"Q7","QuestionID":"QID7","QuestionType":"DB","Selector":"TB","DataVisibility":{"Private":false,"Hidden":false},"Configuration":{"QuestionDescriptionOption":"UseText"},"QuestionDescription":"Now you will do the task. It is crucial that you read the following instructions carefully. For o...","ChoiceOrder":[],"Validation":{"Settings":{"Type":"None"}},"GradingData":[],"Language":[],"NextChoiceId":3,"NextAnswerId":1}},{"SurveyID":"SV_cRXhQAh6vm2Fif3","Element":"SQ","PrimaryAttribute":"QID13","SecondaryAttribute":"Please enter your Prolific ID. Prolific IDs have 24 alphanumeric characters. If your ID is displa...","TertiaryAttribute":null,"Payload":{"QuestionText":"Please enter your Prolific ID. Prolific IDs have 24 alphanumeric \ncharacters. If your ID is displayed in the field below please check it, \nas we can only pay you if your ID is correct.","DefaultChoices":{"TEXT":{"Text":"${e:\/\/Field\/PROLIFIC_PID}"}},"DataExportTag":"Q13","QuestionType":"TE","Selector":"SL","Configuration":{"QuestionDescriptionOption":"UseText","AllowFreeResponse":"false"},"QuestionDescription":"Please enter your Prolific ID. Prolific IDs have 24 alphanumeric characters. If your ID is displa...","Validation":{"Settings":{"ForceResponse":"ON","ForceResponseType":"ON","Type":"None"}},"GradingData":[],"Language":[],"NextChoiceId":4,"NextAnswerId":1,"QuestionID":"QID13","DataVisibility":{"Private":false,"Hidden":false}}},{"SurveyID":"SV_cRXhQAh6vm2Fif3","Element":"SQ","PrimaryAttribute":"QID3","SecondaryAttribute":"This study is only for iPhone users. Are you currently using an iPhone - and have you owned an iP...","TertiaryAttribute":null,"Payload":{"QuestionText":"This study is only for iPhone users. Are you currently using an iPhone - and have you owned an iPhone for at least two years?","DataExportTag":"Q3","QuestionType":"MC","Selector":"SAVR","SubSelector":"TX","Configuration":{"QuestionDescriptionOption":"UseText"},"QuestionDescription":"This study is only for iPhone users. Are you currently using an iPhone - and have you owned an iP...","Choices":{"1":{"Display":"Yes"},"2":{"Display":"No"}},"ChoiceOrder":[1,2],"Validation":{"Settings":{"ForceResponse":"ON","ForceResponseType":"ON","Type":"None"}},"Language":[],"NextChoiceId":3,"NextAnswerId":1,"QuestionID":"QID3","DataVisibility":{"Private":false,"Hidden":false}}},{"SurveyID":"SV_cRXhQAh6vm2Fif3","Element":"SQ","PrimaryAttribute":"QID14","SecondaryAttribute":"Timing","TertiaryAttribute":null,"Payload":{"QuestionText":"Timing","DefaultChoices":false,"DataExportTag":"Q14","QuestionType":"Timing","Selector":"PageTimer","Configuration":{"QuestionDescriptionOption":"UseText","MinSeconds":20,"MaxSeconds":"0"},"QuestionDescription":"Timing","Choices":{"1":{"Display":"First Click"},"2":{"Display":"Last Click"},"3":{"Display":"Page Submit"},"4":{"Display":"Click Count"}},"GradingData":[],"Language":[],"NextChoiceId":116,"NextAnswerId":1,"QuestionID":"QID14"}},{"SurveyID":"SV_cRXhQAh6vm2Fif3","Element":"SQ","PrimaryAttribute":"QID16","SecondaryAttribute":"Timing","TertiaryAttribute":null,"Payload":{"QuestionText":"Timing","DefaultChoices":false,"DataExportTag":"Q16","QuestionType":"Timing","Selector":"PageTimer","Configuration":{"QuestionDescriptionOption":"UseText","MinSeconds":"0","MaxSeconds":"0"},"QuestionDescription":"Timing","Choices":{"1":{"Display":"First Click"},"2":{"Display":"Last Click"},"3":{"Display":"Page Submit"},"4":{"Display":"Click Count"}},"GradingData":[],"Language":[],"NextChoiceId":16,"NextAnswerId":1,"QuestionID":"QID16"}},{"SurveyID":"SV_cRXhQAh6vm2Fif3","Element":"SQ","PrimaryAttribute":"QID5","SecondaryAttribute":"What's your age in years?","TertiaryAttribute":null,"Payload":{"QuestionText":"What's your age in years?","DefaultChoices":false,"DataExportTag":"Q5","QuestionType":"TE","Selector":"SL","Configuration":{"QuestionDescriptionOption":"UseText","InputWidth":145,"InputHeight":30,"AllowFreeResponse":"false"},"QuestionDescription":"What's your age in years?","Validation":{"Settings":{"ForceResponse":"RequestResponse","ForceResponseType":"RequestResponse","Type":"None"}},"GradingData":[],"Language":[],"NextChoiceId":4,"NextAnswerId":1,"QuestionID":"QID5","DataVisibility":{"Private":false,"Hidden":false}}},{"SurveyID":"SV_cRXhQAh6vm2Fif3","Element":"SQ","PrimaryAttribute":"QID6","SecondaryAttribute":"What's your gender?","TertiaryAttribute":null,"Payload":{"QuestionText":"What's your gender?","DataExportTag":"Q6","QuestionType":"MC","Selector":"SAVR","SubSelector":"TX","Configuration":{"QuestionDescriptionOption":"UseText"},"QuestionDescription":"What's your gender?","Choices":{"1":{"Display":"Male"},"2":{"Display":"Female"},"3":{"Display":"Other"}},"ChoiceOrder":[1,2,3],"Validation":{"Settings":{"ForceResponse":"RequestResponse","ForceResponseType":"RequestResponse","Type":"None"}},"Language":[],"NextChoiceId":4,"NextAnswerId":1,"QuestionID":"QID6","DataVisibility":{"Private":false,"Hidden":false}}}]}